
Microsoft Visual Studio Solution File, Format Version 12.00
# Visual Studio Version 17
VisualStudioVersion = 17.6.33829.357
MinimumVisualStudioVersion = 10.0.40219.1
Project("{FAE04EC0-301F-11D3-BF4B-00C04F79EFBC}") = "Searcher", "Searcher\Searcher.csproj", "{D783B574-84CA-4DA8-BEDA-57EB626B59ED}"
EndProject
Project("{FAE04EC0-301F-11D3-BF4B-00C04F79EFBC}") = "SearcherLibrary", "SearcherLibrary\SearcherLibrary.csproj", "{D7A6F3C0-DB76-40D2-88F9-6A7581D42F8E}"
EndProject
Project("{FAE04EC0-301F-11D3-BF4B-00C04F79EFBC}") = "SearcherLibrary.Tests", "SearcherLibrary.Tests\SearcherLibrary.Tests.csproj", "{67232940-7C0C-4490-B056-C01E8B8B276D}"
EndProject
Global
	GlobalSection(SolutionConfigurationPlatforms) = preSolution
		Debug|Any CPU = Debug|Any CPU
		Release|Any CPU = Release|Any CPU
	EndGlobalSection
	GlobalSection(ProjectConfigurationPlatforms) = postSolution
		{D783B574-84CA-4DA8-BEDA-57EB626B59ED}.Debug|Any CPU.ActiveCfg = Debug|Any CPU
		{D783B574-84CA-4DA8-BEDA-57EB626B59ED}.Debug|Any CPU.Build.0 = Debug|Any CPU
		{D783B574-84CA-4DA8-BEDA-57EB626B59ED}.Release|Any CPU.ActiveCfg = Release|Any CPU
		{D783B574-84CA-4DA8-BEDA-57EB626B59ED}.Release|Any CPU.Build.0 = Release|Any CPU
		{D7A6F3C0-DB76-40D2-88F9-6A7581D42F8E}.Debug|Any CPU.ActiveCfg = Debug|Any CPU
		{D7A6F3C0-DB76-40D2-88F9-6A7581D42F8E}.Debug|Any CPU.Build.0 = Debug|Any CPU
		{D7A6F3C0-DB76-40D2-88F9-6A7581D42F8E}.Release|Any CPU.ActiveCfg = Release|Any CPU
		{D7A6F3C0-DB76-40D2-88F9-6A7581D42F8E}.Release|Any CPU.Build.0 = Release|Any CPU
		{67232940-7C0C-4490-B056-C01E8B8B276D}.Debug|Any CPU.ActiveCfg = Debug|Any CPU
		{67232940-7C0C-4490-B056-C01E8B8B276D}.Debug|Any CPU.Build.0 = Debug|Any CPU
		{67232940-7C0C-4490-B056-C01E8B8B276D}.Release|Any CPU.ActiveCfg = Release|Any CPU
		{67232940-7C0C-4490-B056-C01E8B8B276D}.Release|Any CPU.Build.0 = Release|Any CPU
	EndGlobalSection
	GlobalSection(SolutionProperties) = preSolution
		HideSolutionNode = FALSE
	EndGlobalSection
	GlobalSection(ExtensibilityGlobals) = postSolution
		SolutionGuid = {26EA1479-DBF3-4C62-8950-5B5FD6DEAE4E}
	EndGlobalSection
EndGlobal
